
Microsoft Visual Studio Solution File, Format Version 12.00
# Visual Studio Version 17
VisualStudioVersion = 17.3.32929.385
MinimumVisualStudioVersion = 10.0.40219.1
Project("{FAE04EC0-301F-11D3-BF4B-00C04F79EFBC}") = "APIAutomation", "APIAutomation\APIAutomation.csproj", "{5244D17B-D3B1-4D8E-8A65-5B2B3009D9B0}"
EndProject
Global
	GlobalSection(SolutionConfigurationPlatforms) = preSolution
		Debug|Any CPU = Debug|Any CPU
		Release|Any CPU = Release|Any CPU
	EndGlobalSection
	GlobalSection(ProjectConfigurationPlatforms) = postSolution
		{5244D17B-D3B1-4D8E-8A65-5B2B3009D9B0}.Debug|Any CPU.ActiveCfg = Debug|Any CPU
		{5244D17B-D3B1-4D8E-8A65-5B2B3009D9B0}.Debug|Any CPU.Build.0 = Debug|Any CPU
		{5244D17B-D3B1-4D8E-8A65-5B2B3009D9B0}.Release|Any CPU.ActiveCfg = Release|Any CPU
		{5244D17B-D3B1-4D8E-8A65-5B2B3009D9B0}.Release|Any CPU.Build.0 = Release|Any CPU
	EndGlobalSection
	GlobalSection(SolutionProperties) = preSolution
		HideSolutionNode = FALSE
	EndGlobalSection
	GlobalSection(ExtensibilityGlobals) = postSolution
		SolutionGuid = {45C43EFB-C955-4D36-AC44-45273E167A97}
	EndGlobalSection
EndGlobal
